// !$*UTF8*$!
{
	archiveVersion = 1;
	classes = {
	};
	objectVersion = 56;
	objects = {

/* Begin PBXBuildFile section */
		0972C4BE2C0468FA005ECB08 /* CacheHWApp.swift in Sources */ = {isa = PBXBuildFile; fileRef = 0972C4BD2C0468FA005ECB08 /* CacheHWApp.swift */; };
		0972C4C02C0468FA005ECB08 /* ContentView.swift in Sources */ = {isa = PBXBuildFile; fileRef = 0972C4BF2C0468FA005ECB08 /* ContentView.swift */; };
		0972C4C22C0468FB005ECB08 /* Assets.xcassets in Resources */ = {isa = PBXBuildFile; fileRef = 0972C4C12C0468FB005ECB08 /* Assets.xcassets */; };
		0972C4C52C0468FB005ECB08 /* Preview Assets.xcassets in Resources */ = {isa = PBXBuildFile; fileRef = 0972C4C42C0468FB005ECB08 /* Preview Assets.xcassets */; };
		0972C4C72C0468FB005ECB08 /* Persistence.swift in Sources */ = {isa = PBXBuildFile; fileRef = 0972C4C62C0468FB005ECB08 /* Persistence.swift */; };
		0972C4CA2C0468FB005ECB08 /* CacheHW.xcdatamodeld in Sources */ = {isa = PBXBuildFile; fileRef = 0972C4C82C0468FB005ECB08 /* CacheHW.xcdatamodeld */; };
		0972C4D92C047CE9005ECB08 /* UserModel.swift in Sources */ = {isa = PBXBuildFile; fileRef = 0972C4D82C047CE9005ECB08 /* UserModel.swift */; };
		0972C4DB2C047D08005ECB08 /* ViewModel.swift in Sources */ = {isa = PBXBuildFile; fileRef = 0972C4DA2C047D08005ECB08 /* ViewModel.swift */; };
		0972C4DE2C047FB2005ECB08 /* CacheManager.swift in Sources */ = {isa = PBXBuildFile; fileRef = 0972C4DD2C047FB2005ECB08 /* CacheManager.swift */; };
		0972C4E02C04B974005ECB08 /* DetailView.swift in Sources */ = {isa = PBXBuildFile; fileRef = 0972C4DF2C04B974005ECB08 /* DetailView.swift */; };
		0972C4E22C05C122005ECB08 /* FileManagerService.swift in Sources */ = {isa = PBXBuildFile; fileRef = 0972C4E12C05C122005ECB08 /* FileManagerService.swift */; };
/* End PBXBuildFile section */

/* Begin PBXFileReference section */
		0972C4BA2C0468FA005ECB08 /* CacheHW.app */ = {isa = PBXFileReference; explicitFileType = wrapper.application; includeInIndex = 0; path = CacheHW.app; sourceTree = BUILT_PRODUCTS_DIR; };
		0972C4BD2C0468FA005ECB08 /* CacheHWApp.swift */ = {isa = PBXFileReference; lastKnownFileType = sourcecode.swift; path = CacheHWApp.swift; sourceTree = "<group>"; };
		0972C4BF2C0468FA005ECB08 /* ContentView.swift */ = {isa = PBXFileReference; lastKnownFileType = sourcecode.swift; path = ContentView.swift; sourceTree = "<group>"; };
		0972C4C12C0468FB005ECB08 /* Assets.xcassets */ = {isa = PBXFileReference; lastKnownFileType = folder.assetcatalog; path = Assets.xcassets; sourceTree = "<group>"; };
		0972C4C42C0468FB005ECB08 /* Preview Assets.xcassets */ = {isa = PBXFileReference; lastKnownFileType = folder.assetcatalog; path = "Preview Assets.xcassets"; sourceTree = "<group>"; };
		0972C4C62C0468FB005ECB08 /* Persistence.swift */ = {isa = PBXFileReference; lastKnownFileType = sourcecode.swift; path = Persistence.swift; sourceTree = "<group>"; };
		0972C4C92C0468FB005ECB08 /* CacheHW.xcdatamodel */ = {isa = PBXFileReference; lastKnownFileType = wrapper.xcdatamodel; path = CacheHW.xcdatamodel; sourceTree = "<group>"; };
		0972C4D82C047CE9005ECB08 /* UserModel.swift */ = {isa = PBXFileReference; lastKnownFileType = sourcecode.swift; path = UserModel.swift; sourceTree = "<group>"; };
		0972C4DA2C047D08005ECB08 /* ViewModel.swift */ = {isa = PBXFileReference; lastKnownFileType = sourcecode.swift; path = ViewModel.swift; sourceTree = "<group>"; };
		0972C4DD2C047FB2005ECB08 /* CacheManager.swift */ = {isa = PBXFileReference; lastKnownFileType = sourcecode.swift; path = CacheManager.swift; sourceTree = "<group>"; };
		0972C4DF2C04B974005ECB08 /* DetailView.swift */ = {isa = PBXFileReference; lastKnownFileType = sourcecode.swift; path = DetailView.swift; sourceTree = "<group>"; };
		0972C4E12C05C122005ECB08 /* FileManagerService.swift */ = {isa = PBXFileReference; lastKnownFileType = sourcecode.swift; path = FileManagerService.swift; sourceTree = "<group>"; };
/* End PBXFileReference section */

/* Begin PBXFrameworksBuildPhase section */
		0972C4B72C0468FA005ECB08 /* Frameworks */ = {
			isa = PBXFrameworksBuildPhase;
			buildActionMask = 2147483647;
			files = (
			);
			runOnlyForDeploymentPostprocessing = 0;
		};
/* End PBXFrameworksBuildPhase section */

/* Begin PBXGroup section */
		0972C4B12C0468FA005ECB08 = {
			isa = PBXGroup;
			children = (
				0972C4BC2C0468FA005ECB08 /* CacheHW */,
				0972C4BB2C0468FA005ECB08 /* Products */,
			);
			sourceTree = "<group>";
		};
		0972C4BB2C0468FA005ECB08 /* Products */ = {
			isa = PBXGroup;
			children = (
				0972C4BA2C0468FA005ECB08 /* CacheHW.app */,
			);
			name = Products;
			sourceTree = "<group>";
		};
		0972C4BC2C0468FA005ECB08 /* CacheHW */ = {
			isa = PBXGroup;
			children = (
				0972C4DC2C047FAA005ECB08 /* Services */,
				0972C4D72C047CB5005ECB08 /* ViewModel */,
				0972C4D62C047CB0005ECB08 /* Model */,
				0972C4BD2C0468FA005ECB08 /* CacheHWApp.swift */,
				0972C4BF2C0468FA005ECB08 /* ContentView.swift */,
				0972C4DF2C04B974005ECB08 /* DetailView.swift */,
				0972C4C12C0468FB005ECB08 /* Assets.xcassets */,
				0972C4C62C0468FB005ECB08 /* Persistence.swift */,
				0972C4C82C0468FB005ECB08 /* CacheHW.xcdatamodeld */,
				0972C4C32C0468FB005ECB08 /* Preview Content */,
			);
			path = CacheHW;
			sourceTree = "<group>";
		};
		0972C4C32C0468FB005ECB08 /* Preview Content */ = {
			isa = PBXGroup;
			children = (
				0972C4C42C0468FB005ECB08 /* Preview Assets.xcassets */,
			);
			path = "Preview Content";
			sourceTree = "<group>";
		};
		0972C4D62C047CB0005ECB08 /* Model */ = {
			isa = PBXGroup;
			children = (
				0972C4D82C047CE9005ECB08 /* UserModel.swift */,
			);
			path = Model;
			sourceTree = "<group>";
		};
		0972C4D72C047CB5005ECB08 /* ViewModel */ = {
			isa = PBXGroup;
			children = (
				0972C4DA2C047D08005ECB08 /* ViewModel.swift */,
			);
			path = ViewModel;
			sourceTree = "<group>";
		};
		0972C4DC2C047FAA005ECB08 /* Services */ = {
			isa = PBXGroup;
			children = (
				0972C4DD2C047FB2005ECB08 /* CacheManager.swift */,
				0972C4E12C05C122005ECB08 /* FileManagerService.swift */,
			);
			path = Services;
			sourceTree = "<group>";
		};
/* End PBXGroup section */

/* Begin PBXNativeTarget section */
		0972C4B92C0468FA005ECB08 /* CacheHW */ = {
			isa = PBXNativeTarget;
			buildConfigurationList = 0972C4CD2C0468FB005ECB08 /* Build configuration list for PBXNativeTarget "CacheHW" */;
			buildPhases = (
				0972C4B62C0468FA005ECB08 /* Sources */,
				0972C4B72C0468FA005ECB08 /* Frameworks */,
				0972C4B82C0468FA005ECB08 /* Resources */,
			);
			buildRules = (
			);
			dependencies = (
			);
			name = CacheHW;
			productName = CacheHW;
			productReference = 0972C4BA2C0468FA005ECB08 /* CacheHW.app */;
			productType = "com.apple.product-type.application";
		};
/* End PBXNativeTarget section */

/* Begin PBXProject section */
		0972C4B22C0468FA005ECB08 /* Project object */ = {
			isa = PBXProject;
			attributes = {
				BuildIndependentTargetsInParallel = 1;
				LastSwiftUpdateCheck = 1540;
				LastUpgradeCheck = 1540;
				TargetAttributes = {
					0972C4B92C0468FA005ECB08 = {
						CreatedOnToolsVersion = 15.4;
					};
				};
			};
			buildConfigurationList = 0972C4B52C0468FA005ECB08 /* Build configuration list for PBXProject "CacheHW" */;
			compatibilityVersion = "Xcode 14.0";
			developmentRegion = en;
			hasScannedForEncodings = 0;
			knownRegions = (
				en,
				Base,
			);
			mainGroup = 0972C4B12C0468FA005ECB08;
			productRefGroup = 0972C4BB2C0468FA005ECB08 /* Products */;
			projectDirPath = "";
			projectRoot = "";
			targets = (
				0972C4B92C0468FA005ECB08 /* CacheHW */,
			);
		};
/* End PBXProject section */

/* Begin PBXResourcesBuildPhase section */
		0972C4B82C0468FA005ECB08 /* Resources */ = {
			isa = PBXResourcesBuildPhase;
			buildActionMask = 2147483647;
			files = (
				0972C4C52C0468FB005ECB08 /* Preview Assets.xcassets in Resources */,
				0972C4C22C0468FB005ECB08 /* Assets.xcassets in Resources */,
			);
			runOnlyForDeploymentPostprocessing = 0;
		};
/* End PBXResourcesBuildPhase section */

/* Begin PBXSourcesBuildPhase section */
		0972C4B62C0468FA005ECB08 /* Sources */ = {
			isa = PBXSourcesBuildPhase;
			buildActionMask = 2147483647;
			files = (
				0972C4C72C0468FB005ECB08 /* Persistence.swift in Sources */,
				0972C4E02C04B974005ECB08 /* DetailView.swift in Sources */,
				0972C4C02C0468FA005ECB08 /* ContentView.swift in Sources */,
				0972C4BE2C0468FA005ECB08 /* CacheHWApp.swift in Sources */,
				0972C4D92C047CE9005ECB08 /* UserModel.swift in Sources */,
				0972C4DB2C047D08005ECB08 /* ViewModel.swift in Sources */,
				0972C4CA2C0468FB005ECB08 /* CacheHW.xcdatamodeld in Sources */,
				0972C4DE2C047FB2005ECB08 /* CacheManager.swift in Sources */,
				0972C4E22C05C122005ECB08 /* FileManagerService.swift in Sources */,
			);
			runOnlyForDeploymentPostprocessing = 0;
		};
/* End PBXSourcesBuildPhase section */

/* Begin XCBuildConfiguration section */
		0972C4CB2C0468FB005ECB08 /* Debug */ = {
			isa = XCBuildConfiguration;
			buildSettings = {
				ALWAYS_SEARCH_USER_PATHS = NO;
				ASSETCATALOG_COMPILER_GENERATE_SWIFT_ASSET_SYMBOL_EXTENSIONS = YES;
				CLANG_ANALYZER_NONNULL = YES;
				CLANG_ANALYZER_NUMBER_OBJECT_CONVERSION = YES_AGGRESSIVE;
				CLANG_CXX_LANGUAGE_STANDARD = "gnu++20";
				CLANG_ENABLE_MODULES = YES;
				CLANG_ENABLE_OBJC_ARC = YES;
				CLANG_ENABLE_OBJC_WEAK = YES;
				CLANG_WARN_BLOCK_CAPTURE_AUTORELEASING = YES;
				CLANG_WARN_BOOL_CONVERSION = YES;
				CLANG_WARN_COMMA = YES;
				CLANG_WARN_CONSTANT_CONVERSION = YES;
				CLANG_WARN_DEPRECATED_OBJC_IMPLEMENTATIONS = YES;
				CLANG_WARN_DIRECT_OBJC_ISA_USAGE = YES_ERROR;
				CLANG_WARN_DOCUMENTATION_COMMENTS = YES;
				CLANG_WARN_EMPTY_BODY = YES;
				CLANG_WARN_ENUM_CONVERSION = YES;
				CLANG_WARN_INFINITE_RECURSION = YES;
				CLANG_WARN_INT_CONVERSION = YES;
				CLANG_WARN_NON_LITERAL_NULL_CONVERSION = YES;
				CLANG_WARN_OBJC_IMPLICIT_RETAIN_SELF = YES;
				CLANG_WARN_OBJC_LITERAL_CONVERSION = YES;
				CLANG_WARN_OBJC_ROOT_CLASS = YES_ERROR;
				CLANG_WARN_QUOTED_INCLUDE_IN_FRAMEWORK_HEADER = YES;
				CLANG_WARN_RANGE_LOOP_ANALYSIS = YES;
				CLANG_WARN_STRICT_PROTOTYPES = YES;
				CLANG_WARN_SUSPICIOUS_MOVE = YES;
				CLANG_WARN_UNGUARDED_AVAILABILITY = YES_AGGRESSIVE;
				CLANG_WARN_UNREACHABLE_CODE = YES;
				CLANG_WARN__DUPLICATE_METHOD_MATCH = YES;
				COPY_PHASE_STRIP = NO;
				DEBUG_INFORMATION_FORMAT = dwarf;
				ENABLE_STRICT_OBJC_MSGSEND = YES;
				ENABLE_TESTABILITY = YES;
				ENABLE_USER_SCRIPT_SANDBOXING = YES;
				GCC_C_LANGUAGE_STANDARD = gnu17;
				GCC_DYNAMIC_NO_PIC = NO;
				GCC_NO_COMMON_BLOCKS = YES;
				GCC_OPTIMIZATION_LEVEL = 0;
				GCC_PREPROCESSOR_DEFINITIONS = (
					"DEBUG=1",
					"$(inherited)",
				);
				GCC_WARN_64_TO_32_BIT_CONVERSION = YES;
				GCC_WARN_ABOUT_RETURN_TYPE = YES_ERROR;
				GCC_WARN_UNDECLARED_SELECTOR = YES;
				GCC_WARN_UNINITIALIZED_AUTOS = YES_AGGRESSIVE;
				GCC_WARN_UNUSED_FUNCTION = YES;
				GCC_WARN_UNUSED_VARIABLE = YES;
				IPHONEOS_DEPLOYMENT_TARGET = 17.5;
				LOCALIZATION_PREFERS_STRING_CATALOGS = YES;
				MTL_ENABLE_DEBUG_INFO = INCLUDE_SOURCE;
				MTL_FAST_MATH = YES;
				ONLY_ACTIVE_ARCH = YES;
				SDKROOT = iphoneos;
				SWIFT_ACTIVE_COMPILATION_CONDITIONS = "DEBUG $(inherited)";
				SWIFT_OPTIMIZATION_LEVEL = "-Onone";
			};
			name = Debug;
		};
		0972C4CC2C0468FB005ECB08 /* Release */ = {
			isa = XCBuildConfiguration;
			buildSettings = {
				ALWAYS_SEARCH_USER_PATHS = NO;
				ASSETCATALOG_COMPILER_GENERATE_SWIFT_ASSET_SYMBOL_EXTENSIONS = YES;
				CLANG_ANALYZER_NONNULL = YES;
				CLANG_ANALYZER_NUMBER_OBJECT_CONVERSION = YES_AGGRESSIVE;
				CLANG_CXX_LANGUAGE_STANDARD = "gnu++20";
				CLANG_ENABLE_MODULES = YES;
				CLANG_ENABLE_OBJC_ARC = YES;
				CLANG_ENABLE_OBJC_WEAK = YES;
				CLANG_WARN_BLOCK_CAPTURE_AUTORELEASING = YES;
				CLANG_WARN_BOOL_CONVERSION = YES;
				CLANG_WARN_COMMA = YES;
				CLANG_WARN_CONSTANT_CONVERSION = YES;
				CLANG_WARN_DEPRECATED_OBJC_IMPLEMENTATIONS = YES;
				CLANG_WARN_DIRECT_OBJC_ISA_USAGE = YES_ERROR;
				CLANG_WARN_DOCUMENTATION_COMMENTS = YES;
				CLANG_WARN_EMPTY_BODY = YES;
				CLANG_WARN_ENUM_CONVERSION = YES;
				CLANG_WARN_INFINITE_RECURSION = YES;
				CLANG_WARN_INT_CONVERSION = YES;
				CLANG_WARN_NON_LITERAL_NULL_CONVERSION = YES;
				CLANG_WARN_OBJC_IMPLICIT_RETAIN_SELF = YES;
				CLANG_WARN_OBJC_LITERAL_CONVERSION = YES;
				CLANG_WARN_OBJC_ROOT_CLASS = YES_ERROR;
				CLANG_WARN_QUOTED_INCLUDE_IN_FRAMEWORK_HEADER = YES;
				CLANG_WARN_RANGE_LOOP_ANALYSIS = YES;
				CLANG_WARN_STRICT_PROTOTYPES = YES;
				CLANG_WARN_SUSPICIOUS_MOVE = YES;
				CLANG_WARN_UNGUARDED_AVAILABILITY = YES_AGGRESSIVE;
				CLANG_WARN_UNREACHABLE_CODE = YES;
				CLANG_WARN__DUPLICATE_METHOD_MATCH = YES;
				COPY_PHASE_STRIP = NO;
				DEBUG_INFORMATION_FORMAT = "dwarf-with-dsym";
				ENABLE_NS_ASSERTIONS = NO;
				ENABLE_STRICT_OBJC_MSGSEND = YES;
				ENABLE_USER_SCRIPT_SANDBOXING = YES;
				GCC_C_LANGUAGE_STANDARD = gnu17;
				GCC_NO_COMMON_BLOCKS = YES;
				GCC_WARN_64_TO_32_BIT_CONVERSION = YES;
				GCC_WARN_ABOUT_RETURN_TYPE = YES_ERROR;
				GCC_WARN_UNDECLARED_SELECTOR = YES;
				GCC_WARN_UNINITIALIZED_AUTOS = YES_AGGRESSIVE;
				GCC_WARN_UNUSED_FUNCTION = YES;
				GCC_WARN_UNUSED_VARIABLE = YES;
				IPHONEOS_DEPLOYMENT_TARGET = 17.5;
				LOCALIZATION_PREFERS_STRING_CATALOGS = YES;
				MTL_ENABLE_DEBUG_INFO = NO;
				MTL_FAST_MATH = YES;
				SDKROOT = iphoneos;
				SWIFT_COMPILATION_MODE = wholemodule;
				VALIDATE_PRODUCT = YES;
			};
			name = Release;
		};
		0972C4CE2C0468FB005ECB08 /* Debug */ = {
			isa = XCBuildConfiguration;
			buildSettings = {
				ASSETCATALOG_COMPILER_APPICON_NAME = AppIcon;
				ASSETCATALOG_COMPILER_GLOBAL_ACCENT_COLOR_NAME = AccentColor;
				CODE_SIGN_STYLE = Automatic;
				CURRENT_PROJECT_VERSION = 1;
				DEVELOPMENT_ASSET_PATHS = "\"CacheHW/Preview Content\"";
				DEVELOPMENT_TEAM = 44S95Z526W;
				ENABLE_PREVIEWS = YES;
				GENERATE_INFOPLIST_FILE = YES;
				INFOPLIST_KEY_UIApplicationSceneManifest_Generation = YES;
				INFOPLIST_KEY_UIApplicationSupportsIndirectInputEvents = YES;
				INFOPLIST_KEY_UILaunchScreen_Generation = YES;
				INFOPLIST_KEY_UISupportedInterfaceOrientations_iPad = "UIInterfaceOrientationPortrait UIInterfaceOrientationPortraitUpsideDown UIInterfaceOrientationLandscapeLeft UIInterfaceOrientationLandscapeRight";
				INFOPLIST_KEY_UISupportedInterfaceOrientations_iPhone = "UIInterfaceOrientationPortrait UIInterfaceOrientationLandscapeLeft UIInterfaceOrientationLandscapeRight";
				LD_RUNPATH_SEARCH_PATHS = (
					"$(inherited)",
					"@executable_path/Frameworks",
				);
				MARKETING_VERSION = 1.0;
				PRODUCT_BUNDLE_IDENTIFIER = com.kuznetsovIlya.CacheHW;
				PRODUCT_NAME = "$(TARGET_NAME)";
				SWIFT_EMIT_LOC_STRINGS = YES;
				SWIFT_VERSION = 5.0;
				TARGETED_DEVICE_FAMILY = "1,2";
			};
			name = Debug;
		};
		0972C4CF2C0468FB005ECB08 /* Release */ = {
			isa = XCBuildConfiguration;
			buildSettings = {
				ASSETCATALOG_COMPILER_APPICON_NAME = AppIcon;
				ASSETCATALOG_COMPILER_GLOBAL_ACCENT_COLOR_NAME = AccentColor;
				CODE_SIGN_STYLE = Automatic;
				CURRENT_PROJECT_VERSION = 1;
				DEVELOPMENT_ASSET_PATHS = "\"CacheHW/Preview Content\"";
				DEVELOPMENT_TEAM = 44S95Z526W;
				ENABLE_PREVIEWS = YES;
				GENERATE_INFOPLIST_FILE = YES;
				INFOPLIST_KEY_UIApplicationSceneManifest_Generation = YES;
				INFOPLIST_KEY_UIApplicationSupportsIndirectInputEvents = YES;
				INFOPLIST_KEY_UILaunchScreen_Generation = YES;
				INFOPLIST_KEY_UISupportedInterfaceOrientations_iPad = "UIInterfaceOrientationPortrait UIInterfaceOrientationPortraitUpsideDown UIInterfaceOrientationLandscapeLeft UIInterfaceOrientationLandscapeRight";
				INFOPLIST_KEY_UISupportedInterfaceOrientations_iPhone = "UIInterfaceOrientationPortrait UIInterfaceOrientationLandscapeLeft UIInterfaceOrientationLandscapeRight";
				LD_RUNPATH_SEARCH_PATHS = (
					"$(inherited)",
					"@executable_path/Frameworks",
				);
				MARKETING_VERSION = 1.0;
				PRODUCT_BUNDLE_IDENTIFIER = com.kuznetsovIlya.CacheHW;
				PRODUCT_NAME = "$(TARGET_NAME)";
				SWIFT_EMIT_LOC_STRINGS = YES;
				SWIFT_VERSION = 5.0;
				TARGETED_DEVICE_FAMILY = "1,2";
			};
			name = Release;
		};
/* End XCBuildConfiguration section */

/* Begin XCConfigurationList section */
		0972C4B52C0468FA005ECB08 /* Build configuration list for PBXProject "CacheHW" */ = {
			isa = XCConfigurationList;
			buildConfigurations = (
				0972C4CB2C0468FB005ECB08 /* Debug */,
				0972C4CC2C0468FB005ECB08 /* Release */,
			);
			defaultConfigurationIsVisible = 0;
			defaultConfigurationName = Release;
		};
		0972C4CD2C0468FB005ECB08 /* Build configuration list for PBXNativeTarget "CacheHW" */ = {
			isa = XCConfigurationList;
			buildConfigurations = (
				0972C4CE2C0468FB005ECB08 /* Debug */,
				0972C4CF2C0468FB005ECB08 /* Release */,
			);
			defaultConfigurationIsVisible = 0;
			defaultConfigurationName = Release;
		};
/* End XCConfigurationList section */

/* Begin XCVersionGroup section */
		0972C4C82C0468FB005ECB08 /* CacheHW.xcdatamodeld */ = {
			isa = XCVersionGroup;
			children = (
				0972C4C92C0468FB005ECB08 /* CacheHW.xcdatamodel */,
			);
			currentVersion = 0972C4C92C0468FB005ECB08 /* CacheHW.xcdatamodel */;
			path = CacheHW.xcdatamodeld;
			sourceTree = "<group>";
			versionGroupType = wrapper.xcdatamodel;
		};
/* End XCVersionGroup section */
	};
	rootObject = 0972C4B22C0468FA005ECB08 /* Project object */;
}
